
Microsoft Visual Studio Solution File, Format Version 12.00
# Visual Studio Version 17
VisualStudioVersion = 17.4.33110.190
MinimumVisualStudioVersion = 10.0.40219.1
Project("{888888A0-9F3D-457C-B088-3A5042F75D52}") = "simple_django_REST_API", "simple_django_REST_API.pyproj", "{007D726C-01DC-46F2-9D4D-8DB3532A6FDA}"
EndProject
Global
	GlobalSection(SolutionConfigurationPlatforms) = preSolution
		Debug|Any CPU = Debug|Any CPU
		Release|Any CPU = Release|Any CPU
	EndGlobalSection
	GlobalSection(ProjectConfigurationPlatforms) = postSolution
		{007D726C-01DC-46F2-9D4D-8DB3532A6FDA}.Debug|Any CPU.ActiveCfg = Debug|Any CPU
		{007D726C-01DC-46F2-9D4D-8DB3532A6FDA}.Debug|Any CPU.Build.0 = Debug|Any CPU
		{007D726C-01DC-46F2-9D4D-8DB3532A6FDA}.Release|Any CPU.ActiveCfg = Release|Any CPU
		{007D726C-01DC-46F2-9D4D-8DB3532A6FDA}.Release|Any CPU.Build.0 = Release|Any CPU
	EndGlobalSection
	GlobalSection(SolutionProperties) = preSolution
		HideSolutionNode = FALSE
	EndGlobalSection
	GlobalSection(ExtensibilityGlobals) = postSolution
		SolutionGuid = {509492C0-AD04-4AAD-B9BE-07DEC2C0B713}
	EndGlobalSection
EndGlobal
